// !$*UTF8*$!
{
	archiveVersion = 1;
	classes = {
	};
	objectVersion = 56;
	objects = {

/* Begin PBXBuildFile section */
		A1000001294A000000000001 /* LifeApp.swift in Sources */ = {isa = PBXBuildFile; fileRef = A1000001294A000000000002 /* LifeApp.swift */; };
		A1000001294A000000000003 /* ContentView.swift in Sources */ = {isa = PBXBuildFile; fileRef = A1000001294A000000000004 /* ContentView.swift */; };
		A1000001294A000000000005 /* User.swift in Sources */ = {isa = PBXBuildFile; fileRef = A1000001294A000000000006 /* User.swift */; };
		A1000001294A000000000007 /* Post.swift in Sources */ = {isa = PBXBuildFile; fileRef = A1000001294A000000000008 /* Post.swift */; };
		A1000001294A000000000009 /* Event.swift in Sources */ = {isa = PBXBuildFile; fileRef = A1000001294A00000000000A /* Event.swift */; };
		A1000001294A00000000000B /* ApiService.swift in Sources */ = {isa = PBXBuildFile; fileRef = A1000001294A00000000000C /* ApiService.swift */; };
		A1000001294A00000000000D /* AuthenticationManager.swift in Sources */ = {isa = PBXBuildFile; fileRef = A1000001294A00000000000E /* AuthenticationManager.swift */; };
		A1000001294A00000000000F /* AuthTokenManager.swift in Sources */ = {isa = PBXBuildFile; fileRef = A1000001294A000000000010 /* AuthTokenManager.swift */; };
		A1000001294A000000000011 /* AuthView.swift in Sources */ = {isa = PBXBuildFile; fileRef = A1000001294A000000000012 /* AuthView.swift */; };
		A1000001294A000000000013 /* HomeView.swift in Sources */ = {isa = PBXBuildFile; fileRef = A1000001294A000000000014 /* HomeView.swift */; };
		A1000001294A000000000015 /* ExploreView.swift in Sources */ = {isa = PBXBuildFile; fileRef = A1000001294A000000000016 /* ExploreView.swift */; };
		A1000001294A000000000017 /* EventsView.swift in Sources */ = {isa = PBXBuildFile; fileRef = A1000001294A000000000018 /* EventsView.swift */; };
		A1000001294A000000000019 /* ProfileView.swift in Sources */ = {isa = PBXBuildFile; fileRef = A1000001294A00000000001A /* ProfileView.swift */; };
		A1000001294A00000000001B /* PostCardView.swift in Sources */ = {isa = PBXBuildFile; fileRef = A1000001294A00000000001C /* PostCardView.swift */; };
		A1000001294A00000000001D /* PostDetailView.swift in Sources */ = {isa = PBXBuildFile; fileRef = A1000001294A00000000001E /* PostDetailView.swift */; };
		A1000001294A000000000035 /* PostImageView.swift in Sources */ = {isa = PBXBuildFile; fileRef = A1000001294A000000000036 /* PostImageView.swift */; };
		A1000001294A000000000039 /* RatingSheetView.swift in Sources */ = {isa = PBXBuildFile; fileRef = A1000001294A00000000003A /* RatingSheetView.swift */; };
		A1000001294A000000000037 /* ImageLoader.swift in Sources */ = {isa = PBXBuildFile; fileRef = A1000001294A000000000038 /* ImageLoader.swift */; };
		A1000001294A000000000033 /* SupabaseConfig.swift in Sources */ = {isa = PBXBuildFile; fileRef = A1000001294A000000000034 /* SupabaseConfig.swift */; };
/* End PBXBuildFile section */

/* Begin PBXFileReference section */
		A1000001294A000000000002 /* LifeApp.swift */ = {isa = PBXFileReference; lastKnownFileType = sourcecode.swift; path = LifeApp.swift; sourceTree = "<group>"; };
		A1000001294A000000000004 /* ContentView.swift */ = {isa = PBXFileReference; lastKnownFileType = sourcecode.swift; path = ContentView.swift; sourceTree = "<group>"; };
		A1000001294A000000000006 /* User.swift */ = {isa = PBXFileReference; lastKnownFileType = sourcecode.swift; path = User.swift; sourceTree = "<group>"; };
		A1000001294A000000000008 /* Post.swift */ = {isa = PBXFileReference; lastKnownFileType = sourcecode.swift; path = Post.swift; sourceTree = "<group>"; };
		A1000001294A00000000000A /* Event.swift */ = {isa = PBXFileReference; lastKnownFileType = sourcecode.swift; path = Event.swift; sourceTree = "<group>"; };
		A1000001294A00000000000C /* ApiService.swift */ = {isa = PBXFileReference; lastKnownFileType = sourcecode.swift; path = ApiService.swift; sourceTree = "<group>"; };
		A1000001294A00000000000E /* AuthenticationManager.swift */ = {isa = PBXFileReference; lastKnownFileType = sourcecode.swift; path = AuthenticationManager.swift; sourceTree = "<group>"; };
		A1000001294A000000000010 /* AuthTokenManager.swift */ = {isa = PBXFileReference; lastKnownFileType = sourcecode.swift; path = AuthTokenManager.swift; sourceTree = "<group>"; };
		A1000001294A000000000012 /* AuthView.swift */ = {isa = PBXFileReference; lastKnownFileType = sourcecode.swift; path = AuthView.swift; sourceTree = "<group>"; };
		A1000001294A000000000014 /* HomeView.swift */ = {isa = PBXFileReference; lastKnownFileType = sourcecode.swift; path = HomeView.swift; sourceTree = "<group>"; };
		A1000001294A000000000016 /* ExploreView.swift */ = {isa = PBXFileReference; lastKnownFileType = sourcecode.swift; path = ExploreView.swift; sourceTree = "<group>"; };
		A1000001294A000000000018 /* EventsView.swift */ = {isa = PBXFileReference; lastKnownFileType = sourcecode.swift; path = EventsView.swift; sourceTree = "<group>"; };
		A1000001294A00000000001A /* ProfileView.swift */ = {isa = PBXFileReference; lastKnownFileType = sourcecode.swift; path = ProfileView.swift; sourceTree = "<group>"; };
		A1000001294A00000000001C /* PostCardView.swift */ = {isa = PBXFileReference; lastKnownFileType = sourcecode.swift; path = PostCardView.swift; sourceTree = "<group>"; };
		A1000001294A00000000001E /* PostDetailView.swift */ = {isa = PBXFileReference; lastKnownFileType = sourcecode.swift; path = PostDetailView.swift; sourceTree = "<group>"; };
		A1000001294A000000000036 /* PostImageView.swift */ = {isa = PBXFileReference; lastKnownFileType = sourcecode.swift; path = PostImageView.swift; sourceTree = "<group>"; };
		A1000001294A00000000003A /* RatingSheetView.swift */ = {isa = PBXFileReference; lastKnownFileType = sourcecode.swift; path = RatingSheetView.swift; sourceTree = "<group>"; };
		A1000001294A000000000038 /* ImageLoader.swift */ = {isa = PBXFileReference; lastKnownFileType = sourcecode.swift; path = ImageLoader.swift; sourceTree = "<group>"; };
		A1000001294A000000000020 /* Info.plist */ = {isa = PBXFileReference; lastKnownFileType = text.plist.xml; path = Info.plist; sourceTree = "<group>"; };
		A1000001294A000000000034 /* SupabaseConfig.swift */ = {isa = PBXFileReference; lastKnownFileType = sourcecode.swift; path = SupabaseConfig.swift; sourceTree = "<group>"; };
		A1000001294A000000000021 /* LifeApp.app */ = {isa = PBXFileReference; explicitFileType = wrapper.application; includeInIndex = 0; path = LifeApp.app; sourceTree = BUILT_PRODUCTS_DIR; };
/* End PBXFileReference section */

/* Begin PBXFrameworksBuildPhase section */
		A1000001294A000000000022 /* Frameworks */ = {
			isa = PBXFrameworksBuildPhase;
			buildActionMask = 2147483647;
			files = (
			);
			runOnlyForDeploymentPostprocessing = 0;
		};
/* End PBXFrameworksBuildPhase section */

/* Begin PBXGroup section */
		A1000001294A000000000023 = {
			isa = PBXGroup;
			children = (
				A1000001294A000000000024 /* LifeApp */,
				A1000001294A000000000025 /* Products */,
			);
			sourceTree = "<group>";
		};
		A1000001294A000000000024 /* LifeApp */ = {
			isa = PBXGroup;
			children = (
				A1000001294A000000000026 /* Models */,
				A1000001294A000000000027 /* Services */,
				A1000001294A000000000028 /* Views */,
				A1000001294A000000000002 /* LifeApp.swift */,
				A1000001294A000000000004 /* ContentView.swift */,
				A1000001294A000000000020 /* Info.plist */,
			);
			path = LifeApp;
			sourceTree = "<group>";
		};
		A1000001294A000000000025 /* Products */ = {
			isa = PBXGroup;
			children = (
				A1000001294A000000000021 /* LifeApp.app */,
			);
			name = Products;
			sourceTree = "<group>";
		};
		A1000001294A000000000026 /* Models */ = {
			isa = PBXGroup;
			children = (
				A1000001294A000000000006 /* User.swift */,
				A1000001294A000000000008 /* Post.swift */,
				A1000001294A00000000000A /* Event.swift */,
			);
			path = Models;
			sourceTree = "<group>";
		};
		A1000001294A000000000027 /* Services */ = {
			isa = PBXGroup;
			children = (
				A1000001294A00000000000C /* ApiService.swift */,
				A1000001294A00000000000E /* AuthenticationManager.swift */,
				A1000001294A000000000010 /* AuthTokenManager.swift */,
				A1000001294A000000000038 /* ImageLoader.swift */,
				A1000001294A000000000034 /* SupabaseConfig.swift */,
			);
			path = Services;
			sourceTree = "<group>";
		};
		A1000001294A000000000028 /* Views */ = {
			isa = PBXGroup;
			children = (
				A1000001294A000000000012 /* AuthView.swift */,
				A1000001294A000000000014 /* HomeView.swift */,
				A1000001294A000000000016 /* ExploreView.swift */,
				A1000001294A000000000018 /* EventsView.swift */,
				A1000001294A00000000001A /* ProfileView.swift */,
				A1000001294A00000000001C /* PostCardView.swift */,
				A1000001294A00000000001E /* PostDetailView.swift */,
				A1000001294A000000000036 /* PostImageView.swift */,
				A1000001294A00000000003A /* RatingSheetView.swift */,
			);
			path = Views;
			sourceTree = "<group>";
		};
/* End PBXGroup section */

/* Begin PBXNativeTarget section */
		A1000001294A000000000029 /* LifeApp */ = {
			isa = PBXNativeTarget;
			buildConfigurationList = A1000001294A00000000002A /* Build configuration list for PBXNativeTarget "LifeApp" */;
			buildPhases = (
				A1000001294A00000000002B /* Sources */,
				A1000001294A000000000022 /* Frameworks */,
				A1000001294A00000000002C /* Resources */,
			);
			buildRules = (
			);
			dependencies = (
			);
			name = LifeApp;
			productName = LifeApp;
			productReference = A1000001294A000000000021 /* LifeApp.app */;
			productType = "com.apple.product-type.application";
		};
/* End PBXNativeTarget section */

/* Begin PBXProject section */
		A1000001294A00000000002D /* Project object */ = {
			isa = PBXProject;
			attributes = {
				BuildIndependentTargetsInParallel = 1;
				LastSwiftUpdateCheck = 1500;
				LastUpgradeCheck = 1500;
			};
			buildConfigurationList = A1000001294A00000000002E /* Build configuration list for PBXProject "LifeApp" */;
			compatibilityVersion = "Xcode 14.0";
			developmentRegion = en;
			hasScannedForEncodings = 0;
			knownRegions = (
				en,
				Base,
			);
			mainGroup = A1000001294A000000000023;
			productRefGroup = A1000001294A000000000025 /* Products */;
			projectDirPath = "";
			projectRoot = "";
			targets = (
				A1000001294A000000000029 /* LifeApp */,
			);
		};
/* End PBXProject section */

/* Begin PBXResourcesBuildPhase section */
		A1000001294A00000000002C /* Resources */ = {
			isa = PBXResourcesBuildPhase;
			buildActionMask = 2147483647;
			files = (
			);
			runOnlyForDeploymentPostprocessing = 0;
		};
/* End PBXResourcesBuildPhase section */

/* Begin PBXSourcesBuildPhase section */
		A1000001294A00000000002B /* Sources */ = {
			isa = PBXSourcesBuildPhase;
			buildActionMask = 2147483647;
			files = (
				A1000001294A000000000001 /* LifeApp.swift in Sources */,
				A1000001294A000000000003 /* ContentView.swift in Sources */,
				A1000001294A000000000005 /* User.swift in Sources */,
				A1000001294A000000000007 /* Post.swift in Sources */,
				A1000001294A000000000009 /* Event.swift in Sources */,
				A1000001294A00000000000B /* ApiService.swift in Sources */,
				A1000001294A00000000000D /* AuthenticationManager.swift in Sources */,
				A1000001294A00000000000F /* AuthTokenManager.swift in Sources */,
				A1000001294A000000000037 /* ImageLoader.swift in Sources */,
				A1000001294A000000000011 /* AuthView.swift in Sources */,
				A1000001294A000000000013 /* HomeView.swift in Sources */,
				A1000001294A000000000015 /* ExploreView.swift in Sources */,
				A1000001294A000000000017 /* EventsView.swift in Sources */,
				A1000001294A000000000019 /* ProfileView.swift in Sources */,
				A1000001294A00000000001B /* PostCardView.swift in Sources */,
				A1000001294A00000000001D /* PostDetailView.swift in Sources */,
				A1000001294A000000000035 /* PostImageView.swift in Sources */,
				A1000001294A000000000039 /* RatingSheetView.swift in Sources */,
				A1000001294A000000000033 /* SupabaseConfig.swift in Sources */,
			);
			runOnlyForDeploymentPostprocessing = 0;
		};
/* End PBXSourcesBuildPhase section */

/* Begin XCBuildConfiguration section */
		A1000001294A00000000002F /* Debug */ = {
			isa = XCBuildConfiguration;
			buildSettings = {
				ALWAYS_SEARCH_USER_PATHS = NO;
				ASSETCATALOG_COMPILER_GENERATE_SWIFT_ASSET_SYMBOL_EXTENSIONS = YES;
				CLANG_ANALYZER_NONNULL = YES;
				CLANG_ANALYZER_NUMBER_OBJECT_CONVERSION = YES_AGGRESSIVE;
				CLANG_CXX_LANGUAGE_STANDARD = "gnu++20";
				CLANG_ENABLE_MODULES = YES;
				CLANG_ENABLE_OBJC_ARC = YES;
				CLANG_ENABLE_OBJC_WEAK = YES;
				CLANG_WARN_BLOCK_CAPTURE_AUTORELEASING = YES;
				CLANG_WARN_BOOL_CONVERSION = YES;
				CLANG_WARN_COMMA = YES;
				CLANG_WARN_CONSTANT_CONVERSION = YES;
				CLANG_WARN_DEPRECATED_OBJC_IMPLEMENTATIONS = YES;
				CLANG_WARN_DIRECT_OBJC_ISA_USAGE = YES_ERROR;
				CLANG_WARN_DOCUMENTATION_COMMENTS = YES;
				CLANG_WARN_EMPTY_BODY = YES;
				CLANG_WARN_ENUM_CONVERSION = YES;
				CLANG_WARN_INFINITE_RECURSION = YES;
				CLANG_WARN_INT_CONVERSION = YES;
				CLANG_WARN_NON_LITERAL_NULL_CONVERSION = YES;
				CLANG_WARN_OBJC_IMPLICIT_RETAIN_SELF = YES;
				CLANG_WARN_OBJC_LITERAL_CONVERSION = YES;
				CLANG_WARN_OBJC_ROOT_CLASS = YES_ERROR;
				CLANG_WARN_QUOTED_INCLUDE_IN_FRAMEWORK_HEADER = YES;
				CLANG_WARN_RANGE_LOOP_ANALYSIS = YES;
				CLANG_WARN_STRICT_PROTOTYPES = YES;
				CLANG_WARN_SUSPICIOUS_MOVE = YES;
				CLANG_WARN_UNGUARDED_AVAILABILITY = YES_AGGRESSIVE;
				CLANG_WARN_UNREACHABLE_CODE = YES;
				CLANG_WARN__DUPLICATE_METHOD_MATCH = YES;
				COPY_PHASE_STRIP = NO;
				DEBUG_INFORMATION_FORMAT = dwarf;
				ENABLE_STRICT_OBJC_MSGSEND = YES;
				ENABLE_TESTABILITY = YES;
				ENABLE_USER_SCRIPT_SANDBOXING = YES;
				GCC_C_LANGUAGE_STANDARD = gnu17;
				GCC_DYNAMIC_NO_PIC = NO;
				GCC_NO_COMMON_BLOCKS = YES;
				GCC_OPTIMIZATION_LEVEL = 0;
				GCC_PREPROCESSOR_DEFINITIONS = (
					"DEBUG=1",
					"$(inherited)",
				);
				GCC_WARN_64_TO_32_BIT_CONVERSION = YES;
				GCC_WARN_ABOUT_RETURN_TYPE = YES_ERROR;
				GCC_WARN_UNDECLARED_SELECTOR = YES;
				GCC_WARN_UNINITIALIZED_AUTOS = YES_AGGRESSIVE;
				GCC_WARN_UNUSED_FUNCTION = YES;
				GCC_WARN_UNUSED_VARIABLE = YES;
				IPHONEOS_DEPLOYMENT_TARGET = 15.0;
				LOCALIZATION_PREFERS_STRING_CATALOGS = YES;
				MTL_ENABLE_DEBUG_INFO = INCLUDE_SOURCE;
				MTL_FAST_MATH = YES;
				ONLY_ACTIVE_ARCH = YES;
				SDKROOT = iphoneos;
				SWIFT_ACTIVE_COMPILATION_CONDITIONS = "DEBUG $(inherited)";
				SWIFT_OPTIMIZATION_LEVEL = "-Onone";
			};
			name = Debug;
		};
		A1000001294A000000000030 /* Release */ = {
			isa = XCBuildConfiguration;
			buildSettings = {
				ALWAYS_SEARCH_USER_PATHS = NO;
				ASSETCATALOG_COMPILER_GENERATE_SWIFT_ASSET_SYMBOL_EXTENSIONS = YES;
				CLANG_ANALYZER_NONNULL = YES;
				CLANG_ANALYZER_NUMBER_OBJECT_CONVERSION = YES_AGGRESSIVE;
				CLANG_CXX_LANGUAGE_STANDARD = "gnu++20";
				CLANG_ENABLE_MODULES = YES;
				CLANG_ENABLE_OBJC_ARC = YES;
				CLANG_ENABLE_OBJC_WEAK = YES;
				CLANG_WARN_BLOCK_CAPTURE_AUTORELEASING = YES;
				CLANG_WARN_BOOL_CONVERSION = YES;
				CLANG_WARN_COMMA = YES;
				CLANG_WARN_CONSTANT_CONVERSION = YES;
				CLANG_WARN_DEPRECATED_OBJC_IMPLEMENTATIONS = YES;
				CLANG_WARN_DIRECT_OBJC_ISA_USAGE = YES_ERROR;
				CLANG_WARN_DOCUMENTATION_COMMENTS = YES;
				CLANG_WARN_EMPTY_BODY = YES;
				CLANG_WARN_ENUM_CONVERSION = YES;
				CLANG_WARN_INFINITE_RECURSION = YES;
				CLANG_WARN_INT_CONVERSION = YES;
				CLANG_WARN_NON_LITERAL_NULL_CONVERSION = YES;
				CLANG_WARN_OBJC_IMPLICIT_RETAIN_SELF = YES;
				CLANG_WARN_OBJC_LITERAL_CONVERSION = YES;
				CLANG_WARN_OBJC_ROOT_CLASS = YES_ERROR;
				CLANG_WARN_QUOTED_INCLUDE_IN_FRAMEWORK_HEADER = YES;
				CLANG_WARN_RANGE_LOOP_ANALYSIS = YES;
				CLANG_WARN_STRICT_PROTOTYPES = YES;
				CLANG_WARN_SUSPICIOUS_MOVE = YES;
				CLANG_WARN_UNGUARDED_AVAILABILITY = YES_AGGRESSIVE;
				CLANG_WARN_UNREACHABLE_CODE = YES;
				CLANG_WARN__DUPLICATE_METHOD_MATCH = YES;
				COPY_PHASE_STRIP = NO;
				DEBUG_INFORMATION_FORMAT = "dwarf-with-dsym";
				ENABLE_NS_ASSERTIONS = NO;
				ENABLE_STRICT_OBJC_MSGSEND = YES;
				ENABLE_USER_SCRIPT_SANDBOXING = YES;
				GCC_C_LANGUAGE_STANDARD = gnu17;
				GCC_NO_COMMON_BLOCKS = YES;
				GCC_WARN_64_TO_32_BIT_CONVERSION = YES;
				GCC_WARN_ABOUT_RETURN_TYPE = YES_ERROR;
				GCC_WARN_UNDECLARED_SELECTOR = YES;
				GCC_WARN_UNINITIALIZED_AUTOS = YES_AGGRESSIVE;
				GCC_WARN_UNUSED_FUNCTION = YES;
				GCC_WARN_UNUSED_VARIABLE = YES;
				IPHONEOS_DEPLOYMENT_TARGET = 15.0;
				LOCALIZATION_PREFERS_STRING_CATALOGS = YES;
				MTL_ENABLE_DEBUG_INFO = NO;
				MTL_FAST_MATH = YES;
				SDKROOT = iphoneos;
				SWIFT_COMPILATION_MODE = wholemodule;
				VALIDATE_PRODUCT = YES;
			};
			name = Release;
		};
		A1000001294A000000000031 /* Debug */ = {
			isa = XCBuildConfiguration;
			buildSettings = {
				ASSETCATALOG_COMPILER_APPICON_NAME = AppIcon;
				ASSETCATALOG_COMPILER_GLOBAL_ACCENT_COLOR_NAME = AccentColor;
				CODE_SIGN_STYLE = Automatic;
				CURRENT_PROJECT_VERSION = 1;
				DEVELOPMENT_TEAM = W37R3678NP;
				GENERATE_INFOPLIST_FILE = NO;
				INFOPLIST_FILE = LifeApp/Info.plist;
				INFOPLIST_KEY_UIApplicationSceneManifest_Generation = YES;
				INFOPLIST_KEY_UIApplicationSupportsIndirectInputEvents = YES;
				INFOPLIST_KEY_UILaunchScreen_Generation = YES;
				INFOPLIST_KEY_UISupportedInterfaceOrientations_iPad = "UIInterfaceOrientationPortrait UIInterfaceOrientationPortraitUpsideDown UIInterfaceOrientationLandscapeLeft UIInterfaceOrientationLandscapeRight";
				INFOPLIST_KEY_UISupportedInterfaceOrientations_iPhone = "UIInterfaceOrientationPortrait UIInterfaceOrientationLandscapeLeft UIInterfaceOrientationLandscapeRight";
				LD_RUNPATH_SEARCH_PATHS = (
					"$(inherited)",
					"@executable_path/Frameworks",
				);
				MARKETING_VERSION = 1.0;
				PRODUCT_BUNDLE_IDENTIFIER = com.life.app;
				PRODUCT_NAME = "$(TARGET_NAME)";
				SWIFT_EMIT_LOC_STRINGS = YES;
				SWIFT_VERSION = 5.0;
				TARGETED_DEVICE_FAMILY = "1,2";
			};
			name = Debug;
		};
		A1000001294A000000000032 /* Release */ = {
			isa = XCBuildConfiguration;
			buildSettings = {
				ASSETCATALOG_COMPILER_APPICON_NAME = AppIcon;
				ASSETCATALOG_COMPILER_GLOBAL_ACCENT_COLOR_NAME = AccentColor;
				CODE_SIGN_STYLE = Automatic;
				CURRENT_PROJECT_VERSION = 1;
				DEVELOPMENT_TEAM = W37R3678NP;
				GENERATE_INFOPLIST_FILE = NO;
				INFOPLIST_FILE = LifeApp/Info.plist;
				INFOPLIST_KEY_UIApplicationSceneManifest_Generation = YES;
				INFOPLIST_KEY_UIApplicationSupportsIndirectInputEvents = YES;
				INFOPLIST_KEY_UILaunchScreen_Generation = YES;
				INFOPLIST_KEY_UISupportedInterfaceOrientations_iPad = "UIInterfaceOrientationPortrait UIInterfaceOrientationPortraitUpsideDown UIInterfaceOrientationLandscapeLeft UIInterfaceOrientationLandscapeRight";
				INFOPLIST_KEY_UISupportedInterfaceOrientations_iPhone = "UIInterfaceOrientationPortrait UIInterfaceOrientationLandscapeLeft UIInterfaceOrientationLandscapeRight";
				LD_RUNPATH_SEARCH_PATHS = (
					"$(inherited)",
					"@executable_path/Frameworks",
				);
				MARKETING_VERSION = 1.0;
				PRODUCT_BUNDLE_IDENTIFIER = com.life.app;
				PRODUCT_NAME = "$(TARGET_NAME)";
				SWIFT_EMIT_LOC_STRINGS = YES;
				SWIFT_VERSION = 5.0;
				TARGETED_DEVICE_FAMILY = "1,2";
			};
			name = Release;
		};
/* End XCBuildConfiguration section */

/* Begin XCConfigurationList section */
		A1000001294A00000000002A /* Build configuration list for PBXNativeTarget "LifeApp" */ = {
			isa = XCConfigurationList;
			buildConfigurations = (
				A1000001294A000000000031 /* Debug */,
				A1000001294A000000000032 /* Release */,
			);
			defaultConfigurationIsVisible = 0;
			defaultConfigurationName = Release;
		};
		A1000001294A00000000002E /* Build configuration list for PBXProject "LifeApp" */ = {
			isa = XCConfigurationList;
			buildConfigurations = (
				A1000001294A00000000002F /* Debug */,
				A1000001294A000000000030 /* Release */,
			);
			defaultConfigurationIsVisible = 0;
			defaultConfigurationName = Release;
		};
/* End XCConfigurationList section */
	};
	rootObject = A1000001294A00000000002D /* Project object */;
}
